<?xml version="1.0" encoding="utf-8"?>
<Project ToolsVersion="4.0" xmlns="http://schemas.microsoft.com/developer/msbuild/2003">
  <ItemGroup>
    <Filter Include="Source Files">
      <UniqueIdentifier>{4FC737F1-C7A5-4376-A066-2A32D752A2FF}</UniqueIdentifier>
      <Extensions>cpp;c;cc;cxx;c++;cppm;ixx;def;odl;idl;hpj;bat;asm;asmx</Extensions>
    </Filter>
    <Filter Include="Header Files">
      <UniqueIdentifier>{93995380-89BD-4b04-88EB-625FBE52EBFB}</UniqueIdentifier>
      <Extensions>h;hh;hpp;hxx;h++;hm;inl;inc;ipp;xsd</Extensions>
    </Filter>
    <Filter Include="Resource Files">
      <UniqueIdentifier>{67DA6AB6-F800-4c08-8B7A-83BB121AAD01}</UniqueIdentifier>
      <Extensions>rc;ico;cur;bmp;dlg;rc2;rct;bin;rgs;gif;jpg;jpeg;jpe;resx;tiff;tif;png;wav;mfcribbon-ms</Extensions>
    </Filter>
    <Filter Include="Header Files\Physics">
      <UniqueIdentifier>{858d1b95-94bd-4376-9c69-f6016dce4c04}</UniqueIdentifier>
    </Filter>
    <Filter Include="Source Files\UI">
      <UniqueIdentifier>{133f2f44-1dae-4e99-9fcc-854f8e52611e}</UniqueIdentifier>
    </Filter>
    <Filter Include="Source Files\Collisions">
      <UniqueIdentifier>{2bb8f0db-9d1c-428c-b60b-33c0c85bc1b5}</UniqueIdentifier>
    </Filter>
    <Filter Include="Source Files\Physics">
      <UniqueIdentifier>{ce9fda5e-725e-4fdd-8398-88d92f324227}</UniqueIdentifier>
    </Filter>
    <Filter Include="Source Files\Levels">
      <UniqueIdentifier>{a4a03aad-b714-4c31-b47c-c9b31f2147e9}</UniqueIdentifier>
    </Filter>
    <Filter Include="Source Files\Mice">
      <UniqueIdentifier>{cbd616fb-f7f7-4416-aae3-e83443307b2f}</UniqueIdentifier>
    </Filter>
    <Filter Include="Source Files\Mice\ManyMouse">
      <UniqueIdentifier>{f19f08aa-75b4-474f-984e-93780febf5af}</UniqueIdentifier>
    </Filter>
    <Filter Include="Header Files\Collisions">
      <UniqueIdentifier>{5c41cce4-4a4b-425c-82cd-e1fd9c20ac4d}</UniqueIdentifier>
    </Filter>
    <Filter Include="Header Files\UI">
      <UniqueIdentifier>{b7f4ce92-3bb7-484d-af62-2b40a09b412a}</UniqueIdentifier>
    </Filter>
    <Filter Include="Header Files\Levels">
      <UniqueIdentifier>{dc973a1e-7d12-4cb2-8dbd-e3e0b1809ca3}</UniqueIdentifier>
    </Filter>
    <Filter Include="Header Files\General">
      <UniqueIdentifier>{e9166b96-548e-426b-aa15-dee5dff70827}</UniqueIdentifier>
    </Filter>
    <Filter Include="Source Files\General">
      <UniqueIdentifier>{5c2098b9-c1c6-4c48-97ee-594c2cd4beb6}</UniqueIdentifier>
    </Filter>
    <Filter Include="Header Files\Mice">
      <UniqueIdentifier>{93597707-0def-4f31-bd6b-8d884e7986f9}</UniqueIdentifier>
    </Filter>
  </ItemGroup>
  <ItemGroup>
    <ClCompile Include="Source.cpp">
      <Filter>Source Files</Filter>
    </ClCompile>
    <ClCompile Include="ManyMouse\linux_evdev.c">
      <Filter>Source Files\Mice\ManyMouse</Filter>
    </ClCompile>
    <ClCompile Include="ManyMouse\macosx_hidmanager.c">
      <Filter>Source Files\Mice\ManyMouse</Filter>
    </ClCompile>
    <ClCompile Include="ManyMouse\macosx_hidutilities.c">
      <Filter>Source Files\Mice\ManyMouse</Filter>
    </ClCompile>
    <ClCompile Include="ManyMouse\manymouse.c">
      <Filter>Source Files\Mice\ManyMouse</Filter>
    </ClCompile>
    <ClCompile Include="ManyMouse\windows_wminput.c">
      <Filter>Source Files\Mice\ManyMouse</Filter>
    </ClCompile>
    <ClCompile Include="ManyMouse\x11_xinput2.c">
      <Filter>Source Files\Mice\ManyMouse</Filter>
    </ClCompile>
    <ClCompile Include="UIManager.cpp">
      <Filter>Source Files\UI</Filter>
    </ClCompile>
    <ClCompile Include="CollisionManager.cpp">
      <Filter>Source Files\Collisions</Filter>
    </ClCompile>
    <ClCompile Include="Trigger.cpp">
      <Filter>Source Files\Collisions</Filter>
    </ClCompile>
    <ClCompile Include="Goal.cpp">
      <Filter>Source Files\Collisions</Filter>
    </ClCompile>
    <ClCompile Include="Barrier.cpp">
      <Filter>Source Files\Physics</Filter>
    </ClCompile>
    <ClCompile Include="Box.cpp">
      <Filter>Source Files\Physics</Filter>
    </ClCompile>
    <ClCompile Include="PolygonPhysicsObject.cpp">
      <Filter>Source Files\Physics</Filter>
    </ClCompile>
    <ClCompile Include="PhysicsWorld.cpp">
      <Filter>Source Files\Physics</Filter>
    </ClCompile>
    <ClCompile Include="Timer.cpp">
      <Filter>Source Files\UI</Filter>
    </ClCompile>
    <ClCompile Include="Label.cpp">
      <Filter>Source Files\UI</Filter>
    </ClCompile>
    <ClCompile Include="LevelManager.cpp">
      <Filter>Source Files\Levels</Filter>
    </ClCompile>
    <ClCompile Include="Scene.cpp">
      <Filter>Source Files\Levels</Filter>
    </ClCompile>
    <ClCompile Include="Mouse.cpp">
      <Filter>Source Files\Mice</Filter>
    </ClCompile>
    <ClCompile Include="MouseManager.cpp">
      <Filter>Source Files\Mice</Filter>
    </ClCompile>
    <ClCompile Include="Color.cpp">
      <Filter>Source Files\General</Filter>
    </ClCompile>
    <ClCompile Include="GameObject.cpp">
      <Filter>Source Files\General</Filter>
    </ClCompile>
    <ClCompile Include="PolygonObject.cpp">
      <Filter>Source Files\Collisions</Filter>
    </ClCompile>
    <ClCompile Include="FuncTimer.cpp">
      <Filter>Source Files\General</Filter>
    </ClCompile>
    <ClCompile Include="Level.cpp">
      <Filter>Source Files</Filter>
    </ClCompile>
    <ClCompile Include="DebugLevel.cpp">
      <Filter>Source Files</Filter>
    </ClCompile>
  </ItemGroup>
  <ItemGroup>
    <ClInclude Include="Barrier.h">
      <Filter>Header Files\Physics</Filter>
    </ClInclude>
    <ClInclude Include="Box.h">
      <Filter>Header Files\Physics</Filter>
    </ClInclude>
    <ClInclude Include="Physics.h">
      <Filter>Header Files\Physics</Filter>
    </ClInclude>
    <ClInclude Include="PhysicsWorld.h">
      <Filter>Header Files\Physics</Filter>
    </ClInclude>
    <ClInclude Include="PolygonPhysicsObject.h">
      <Filter>Header Files\Physics</Filter>
    </ClInclude>
    <ClInclude Include="Source.h">
      <Filter>Header Files</Filter>
    </ClInclude>
    <ClInclude Include="CollisionManager.h">
      <Filter>Header Files\Collisions</Filter>
    </ClInclude>
    <ClInclude Include="Goal.h">
      <Filter>Header Files\Collisions</Filter>
    </ClInclude>
    <ClInclude Include="Trigger.h">
      <Filter>Header Files\Collisions</Filter>
    </ClInclude>
    <ClInclude Include="Timer.h">
      <Filter>Header Files\UI</Filter>
    </ClInclude>
    <ClInclude Include="Label.h">
      <Filter>Header Files\UI</Filter>
    </ClInclude>
    <ClInclude Include="UIManager.h">
      <Filter>Header Files\UI</Filter>
    </ClInclude>
    <ClInclude Include="GameObject.h">
      <Filter>Header Files\General</Filter>
    </ClInclude>
    <ClInclude Include="Color.h">
      <Filter>Header Files\General</Filter>
    </ClInclude>
    <ClInclude Include="Scene.h">
      <Filter>Header Files\Levels</Filter>
    </ClInclude>
    <ClInclude Include="LevelManager.h">
      <Filter>Header Files\Levels</Filter>
    </ClInclude>
    <ClInclude Include="MouseManager.h">
      <Filter>Header Files\Mice</Filter>
    </ClInclude>
    <ClInclude Include="ManyMouse\manymouse.h">
      <Filter>Header Files\Mice</Filter>
    </ClInclude>
    <ClInclude Include="Mouse.h">
      <Filter>Header Files\Mice</Filter>
    </ClInclude>
    <ClInclude Include="PolygonObject.h">
      <Filter>Header Files\Collisions</Filter>
    </ClInclude>
    <ClInclude Include="FuncTimer.h">
      <Filter>Header Files\General</Filter>
    </ClInclude>
    <ClInclude Include="Level.h">
      <Filter>Header Files\Levels</Filter>
    </ClInclude>
    <ClInclude Include="DebugLevel.h">
      <Filter>Header Files</Filter>
    </ClInclude>
    <ClInclude Include="KeyboardFunctions.h">
      <Filter>Source Files\Levels</Filter>
    </ClInclude>
  </ItemGroup>
</Project>